
Microsoft Visual Studio Solution File, Format Version 12.00
# Visual Studio Version 16
VisualStudioVersion = 16.0.29503.13
MinimumVisualStudioVersion = 10.0.40219.1
Project("{FAE04EC0-301F-11D3-BF4B-00C04F79EFBC}") = "ProjectGenerator", "ProjectGenerator\ProjectGenerator.csproj", "{D8788F3C-5B0B-4490-9AFB-50FE9485102C}"
EndProject
Global
	GlobalSection(SolutionConfigurationPlatforms) = preSolution
		Debug|Any CPU = Debug|Any CPU
		Release|Any CPU = Release|Any CPU
	EndGlobalSection
	GlobalSection(ProjectConfigurationPlatforms) = postSolution
		{D8788F3C-5B0B-4490-9AFB-50FE9485102C}.Debug|Any CPU.ActiveCfg = Debug|Any CPU
		{D8788F3C-5B0B-4490-9AFB-50FE9485102C}.Debug|Any CPU.Build.0 = Debug|Any CPU
		{D8788F3C-5B0B-4490-9AFB-50FE9485102C}.Release|Any CPU.ActiveCfg = Release|Any CPU
		{D8788F3C-5B0B-4490-9AFB-50FE9485102C}.Release|Any CPU.Build.0 = Release|Any CPU
	EndGlobalSection
	GlobalSection(SolutionProperties) = preSolution
		HideSolutionNode = FALSE
	EndGlobalSection
	GlobalSection(ExtensibilityGlobals) = postSolution
		SolutionGuid = {B7CF2DA2-A52B-4041-B568-21926328DD75}
	EndGlobalSection
EndGlobal
